<?xml version="1.0" encoding="UTF-8" standalone="yes" ?>
<CodeBlocks_project_file>
	<FileVersion major="1" minor="6" />
	<Project>
		<Option title="RibRenderFile" />
		<Option pch_mode="2" />
		<Option compiler="gcc" />
		<Build>
			<Target title="Debug">
				<Option output="RibRenderFile" prefix_auto="1" extension_auto="1" />
				<Option object_output="Debug" />
				<Option type="1" />
				<Option compiler="gcc" />
				<Compiler>
					<Add option="-DWIN32" />
					<Add option="-D_DEBUG" />
					<Add option="-D_CONSOLE" />
					<Add option="-W" />
					<Add option="-g" />
					<Add option="-O0" />
					<Add directory="../../" />
					<Add directory="../../external/jpeg-6b" />
					<Add directory="../../external/jpeg-6b/pc" />
				</Compiler>
				<ResourceCompiler>
					<Add directory="../../" />
					<Add directory="../../external/jpeg-6b" />
					<Add directory="../../external/jpeg-6b/pc" />
				</ResourceCompiler>
				<ExtraCommands>
					<Add after="mkdir ..\..\Distrib\RibRenderFile&#x0D;&#x0A;mkdir ..\..\Distrib\RibRenderFile\Tests&#x0D;&#x0A;mkdir ..\..\Distrib\RibRenderFile\Resources&#x0D;&#x0A;xcopy /E /Y ..\..\Tests ..\..\Distrib\RibRenderFile\Tests&#x0D;&#x0A;xcopy /E /Y ..\..\Resources ..\..\Distrib\RibRenderFile\Resources&#x0D;&#x0A;xcopy /E /Y  ..\..\Distrib\RibRenderFile\&#x0D;&#x0A;" />
				</ExtraCommands>
			</Target>
			<Target title="Release">
				<Option output="RibRenderFile" prefix_auto="1" extension_auto="1" />
				<Option object_output="Release" />
				<Option type="1" />
				<Option compiler="gcc" />
				<Compiler>
					<Add option="-DWIN32" />
					<Add option="-DNDEBUG" />
					<Add option="-D_CONSOLE" />
					<Add option="-W" />
					<Add option="-O2" />
					<Add directory="../../" />
					<Add directory="../../external/jpeg-6b" />
					<Add directory="../../external/jpeg-6b/pc" />
				</Compiler>
				<ResourceCompiler>
					<Add directory="../../" />
					<Add directory="../../external/jpeg-6b" />
					<Add directory="../../external/jpeg-6b/pc" />
				</ResourceCompiler>
				<ExtraCommands>
					<Add after="mkdir ..\..\Distrib\RibRenderFile&#x0D;&#x0A;mkdir ..\..\Distrib\RibRenderFile\Tests&#x0D;&#x0A;mkdir ..\..\Distrib\RibRenderFile\Resources&#x0D;&#x0A;xcopy /E /Y ..\..\Tests ..\..\Distrib\RibRenderFile\Tests&#x0D;&#x0A;xcopy /E /Y ..\..\Resources ..\..\Distrib\RibRenderFile\Resources&#x0D;&#x0A;xcopy /E /Y  ..\..\Distrib\RibRenderFile\&#x0D;&#x0A;" />
				</ExtraCommands>
			</Target>
		</Build>
		<Unit filename="../RenderOutputFile.cpp" />
		<Unit filename="../RenderOutputFile.h" />
		<Unit filename="../RibRenderFile.cpp" />
		<Unit filename="../RibRenderFile.h" />
		<Extensions>
			<code_completion />
			<debugger />
		</Extensions>
	</Project>
</CodeBlocks_project_file>
