// !$*UTF8*$!
{
	archiveVersion = 1;
	classes = {
	};
	objectVersion = 45;
	objects = {

/* Begin PBXBuildFile section */
		6B3ECE470F50625600315C53 /* DContainers.cpp in Sources */ = {isa = PBXBuildFile; fileRef = 6B3ECE440F50625600315C53 /* DContainers.cpp */; };
		6B3ECE480F50625600315C53 /* DUtils.cpp in Sources */ = {isa = PBXBuildFile; fileRef = 6B3ECE450F50625600315C53 /* DUtils.cpp */; };
		6B3ECE490F50625600315C53 /* DTypes.cpp in Sources */ = {isa = PBXBuildFile; fileRef = 6B3ECE460F50625600315C53 /* DTypes.cpp */; };
		6B3ECE4D0F50626200315C53 /* DUtils.h in Headers */ = {isa = PBXBuildFile; fileRef = 6B3ECE4A0F50626200315C53 /* DUtils.h */; };
		6B3ECE4E0F50626200315C53 /* DTypes.h in Headers */ = {isa = PBXBuildFile; fileRef = 6B3ECE4B0F50626200315C53 /* DTypes.h */; };
		6B3ECE4F0F50626200315C53 /* DContainers.h in Headers */ = {isa = PBXBuildFile; fileRef = 6B3ECE4C0F50626200315C53 /* DContainers.h */; };
		D2AAC0700554677100DB518D /* Carbon.framework in Frameworks */ = {isa = PBXBuildFile; fileRef = 08FB77AAFE841565C02AAC07 /* Carbon.framework */; };
/* End PBXBuildFile section */

/* Begin PBXFileReference section */
		08FB77AAFE841565C02AAC07 /* Carbon.framework */ = {isa = PBXFileReference; lastKnownFileType = wrapper.framework; name = Carbon.framework; path = /System/Library/Frameworks/Carbon.framework; sourceTree = "<absolute>"; };
		32BAE0B70371A74B00C91783 /* DSystem_Prefix.pch */ = {isa = PBXFileReference; fileEncoding = 4; lastKnownFileType = sourcecode.c.h; path = DSystem_Prefix.pch; sourceTree = "<group>"; };
		6B3ECE440F50625600315C53 /* DContainers.cpp */ = {isa = PBXFileReference; fileEncoding = 4; lastKnownFileType = sourcecode.cpp.cpp; name = DContainers.cpp; path = ../src/DContainers.cpp; sourceTree = SOURCE_ROOT; };
		6B3ECE450F50625600315C53 /* DUtils.cpp */ = {isa = PBXFileReference; fileEncoding = 4; lastKnownFileType = sourcecode.cpp.cpp; name = DUtils.cpp; path = ../src/DUtils.cpp; sourceTree = SOURCE_ROOT; };
		6B3ECE460F50625600315C53 /* DTypes.cpp */ = {isa = PBXFileReference; fileEncoding = 4; lastKnownFileType = sourcecode.cpp.cpp; name = DTypes.cpp; path = ../src/DTypes.cpp; sourceTree = SOURCE_ROOT; };
		6B3ECE4A0F50626200315C53 /* DUtils.h */ = {isa = PBXFileReference; fileEncoding = 4; lastKnownFileType = sourcecode.c.h; name = DUtils.h; path = ../include/DUtils.h; sourceTree = SOURCE_ROOT; };
		6B3ECE4B0F50626200315C53 /* DTypes.h */ = {isa = PBXFileReference; fileEncoding = 4; lastKnownFileType = sourcecode.c.h; name = DTypes.h; path = ../include/DTypes.h; sourceTree = SOURCE_ROOT; };
		6B3ECE4C0F50626200315C53 /* DContainers.h */ = {isa = PBXFileReference; fileEncoding = 4; lastKnownFileType = sourcecode.c.h; name = DContainers.h; path = ../include/DContainers.h; sourceTree = SOURCE_ROOT; };
		D2AAC06F0554671400DB518D /* libDSystem.a */ = {isa = PBXFileReference; explicitFileType = archive.ar; includeInIndex = 0; path = libDSystem.a; sourceTree = BUILT_PRODUCTS_DIR; };
/* End PBXFileReference section */

/* Begin PBXFrameworksBuildPhase section */
		D2AAC06D0554671400DB518D /* Frameworks */ = {
			isa = PBXFrameworksBuildPhase;
			buildActionMask = 2147483647;
			files = (
				D2AAC0700554677100DB518D /* Carbon.framework in Frameworks */,
			);
			runOnlyForDeploymentPostprocessing = 0;
		};
/* End PBXFrameworksBuildPhase section */

/* Begin PBXGroup section */
		034768DDFF38A45A11DB9C8B /* Products */ = {
			isa = PBXGroup;
			children = (
				D2AAC06F0554671400DB518D /* libDSystem.a */,
			);
			name = Products;
			sourceTree = "<group>";
		};
		0867D691FE84028FC02AAC07 /* DSystem */ = {
			isa = PBXGroup;
			children = (
				08FB77ACFE841707C02AAC07 /* Source */,
				0867D69AFE84028FC02AAC07 /* External Frameworks and Libraries */,
				034768DDFF38A45A11DB9C8B /* Products */,
			);
			name = DSystem;
			sourceTree = "<group>";
		};
		0867D69AFE84028FC02AAC07 /* External Frameworks and Libraries */ = {
			isa = PBXGroup;
			children = (
				08FB77AAFE841565C02AAC07 /* Carbon.framework */,
			);
			name = "External Frameworks and Libraries";
			sourceTree = "<group>";
		};
		08FB77ACFE841707C02AAC07 /* Source */ = {
			isa = PBXGroup;
			children = (
				6B3ECE440F50625600315C53 /* DContainers.cpp */,
				6B3ECE4C0F50626200315C53 /* DContainers.h */,
				6B3ECE450F50625600315C53 /* DUtils.cpp */,
				6B3ECE460F50625600315C53 /* DTypes.cpp */,
				6B3ECE4A0F50626200315C53 /* DUtils.h */,
				6B3ECE4B0F50626200315C53 /* DTypes.h */,
				32BAE0B70371A74B00C91783 /* DSystem_Prefix.pch */,
			);
			name = Source;
			sourceTree = "<group>";
		};
/* End PBXGroup section */

/* Begin PBXHeadersBuildPhase section */
		D2AAC06B0554671400DB518D /* Headers */ = {
			isa = PBXHeadersBuildPhase;
			buildActionMask = 2147483647;
			files = (
				6B3ECE4D0F50626200315C53 /* DUtils.h in Headers */,
				6B3ECE4E0F50626200315C53 /* DTypes.h in Headers */,
				6B3ECE4F0F50626200315C53 /* DContainers.h in Headers */,
			);
			runOnlyForDeploymentPostprocessing = 0;
		};
/* End PBXHeadersBuildPhase section */

/* Begin PBXNativeTarget section */
		D2AAC06E0554671400DB518D /* DSystem */ = {
			isa = PBXNativeTarget;
			buildConfigurationList = 1DEB920108733DBB0010E9CD /* Build configuration list for PBXNativeTarget "DSystem" */;
			buildPhases = (
				D2AAC06B0554671400DB518D /* Headers */,
				D2AAC06C0554671400DB518D /* Sources */,
				D2AAC06D0554671400DB518D /* Frameworks */,
			);
			buildRules = (
			);
			dependencies = (
			);
			name = DSystem;
			productName = DSystem;
			productReference = D2AAC06F0554671400DB518D /* libDSystem.a */;
			productType = "com.apple.product-type.library.static";
		};
/* End PBXNativeTarget section */

/* Begin PBXProject section */
		0867D690FE84028FC02AAC07 /* Project object */ = {
			isa = PBXProject;
			buildConfigurationList = 1DEB920508733DBB0010E9CD /* Build configuration list for PBXProject "DSystem" */;
			compatibilityVersion = "Xcode 3.1";
			hasScannedForEncodings = 1;
			mainGroup = 0867D691FE84028FC02AAC07 /* DSystem */;
			productRefGroup = 034768DDFF38A45A11DB9C8B /* Products */;
			projectDirPath = "";
			projectRoot = "";
			targets = (
				D2AAC06E0554671400DB518D /* DSystem */,
			);
		};
/* End PBXProject section */

/* Begin PBXSourcesBuildPhase section */
		D2AAC06C0554671400DB518D /* Sources */ = {
			isa = PBXSourcesBuildPhase;
			buildActionMask = 2147483647;
			files = (
				6B3ECE470F50625600315C53 /* DContainers.cpp in Sources */,
				6B3ECE480F50625600315C53 /* DUtils.cpp in Sources */,
				6B3ECE490F50625600315C53 /* DTypes.cpp in Sources */,
			);
			runOnlyForDeploymentPostprocessing = 0;
		};
/* End PBXSourcesBuildPhase section */

/* Begin XCBuildConfiguration section */
		1DEB920208733DBB0010E9CD /* Debug */ = {
			isa = XCBuildConfiguration;
			buildSettings = {
				ALWAYS_SEARCH_USER_PATHS = NO;
				COPY_PHASE_STRIP = NO;
				GCC_DYNAMIC_NO_PIC = NO;
				GCC_ENABLE_FIX_AND_CONTINUE = YES;
				GCC_MODEL_TUNING = G5;
				GCC_OPTIMIZATION_LEVEL = 0;
				GCC_PRECOMPILE_PREFIX_HEADER = YES;
				GCC_PREFIX_HEADER = DSystem_Prefix.pch;
				INSTALL_PATH = /usr/local/lib;
				PRODUCT_NAME = DSystem;
			};
			name = Debug;
		};
		1DEB920308733DBB0010E9CD /* Release */ = {
			isa = XCBuildConfiguration;
			buildSettings = {
				ALWAYS_SEARCH_USER_PATHS = NO;
				DEBUG_INFORMATION_FORMAT = "dwarf-with-dsym";
				GCC_MODEL_TUNING = G5;
				GCC_PRECOMPILE_PREFIX_HEADER = YES;
				GCC_PREFIX_HEADER = DSystem_Prefix.pch;
				INSTALL_PATH = /usr/local/lib;
				PRODUCT_NAME = DSystem;
			};
			name = Release;
		};
		1DEB920608733DBB0010E9CD /* Debug */ = {
			isa = XCBuildConfiguration;
			buildSettings = {
				ALWAYS_SEARCH_USER_PATHS = NO;
				ARCHS = "$(ARCHS_STANDARD_32_BIT)";
				GCC_C_LANGUAGE_STANDARD = c99;
				GCC_OPTIMIZATION_LEVEL = 0;
				GCC_WARN_ABOUT_RETURN_TYPE = YES;
				GCC_WARN_UNUSED_VARIABLE = YES;
				ONLY_ACTIVE_ARCH = YES;
				PREBINDING = NO;
				SDKROOT = macosx10.5;
			};
			name = Debug;
		};
		1DEB920708733DBB0010E9CD /* Release */ = {
			isa = XCBuildConfiguration;
			buildSettings = {
				ALWAYS_SEARCH_USER_PATHS = NO;
				ARCHS = "$(ARCHS_STANDARD_32_BIT)";
				GCC_C_LANGUAGE_STANDARD = c99;
				GCC_WARN_ABOUT_RETURN_TYPE = YES;
				GCC_WARN_UNUSED_VARIABLE = YES;
				PREBINDING = NO;
				SDKROOT = macosx10.5;
			};
			name = Release;
		};
/* End XCBuildConfiguration section */

/* Begin XCConfigurationList section */
		1DEB920108733DBB0010E9CD /* Build configuration list for PBXNativeTarget "DSystem" */ = {
			isa = XCConfigurationList;
			buildConfigurations = (
				1DEB920208733DBB0010E9CD /* Debug */,
				1DEB920308733DBB0010E9CD /* Release */,
			);
			defaultConfigurationIsVisible = 0;
			defaultConfigurationName = Release;
		};
		1DEB920508733DBB0010E9CD /* Build configuration list for PBXProject "DSystem" */ = {
			isa = XCConfigurationList;
			buildConfigurations = (
				1DEB920608733DBB0010E9CD /* Debug */,
				1DEB920708733DBB0010E9CD /* Release */,
			);
			defaultConfigurationIsVisible = 0;
			defaultConfigurationName = Release;
		};
/* End XCConfigurationList section */
	};
	rootObject = 0867D690FE84028FC02AAC07 /* Project object */;
}
