<?xml version="1.0" encoding="UTF-8" standalone="yes" ?>
<CodeBlocks_project_file>
	<FileVersion major="1" minor="6" />
	<Project>
		<Option title="RibRenderTool" />
		<Option pch_mode="2" />
		<Option compiler="gcc" />
		<Build>
			<Target title="Debug">
				<Option output="RibRenderTool" prefix_auto="1" extension_auto="1" />
				<Option object_output="Debug" />
				<Option type="1" />
				<Option compiler="gcc" />
				<Compiler>
					<Add option="-D_DEBUG" />
					<Add option="-D_CONSOLE" />
					<Add option="-DFREEGLUT_STATIC" />
					<Add option="-W" />
					<Add option="-O0" />
					<Add directory="../" />
					<Add directory="../../" />
					<Add directory="../../external/freeglut-2.4.0/include" />
				</Compiler>
				<ResourceCompiler>
					<Add directory="../" />
					<Add directory="../../" />
					<Add directory="../../external/freeglut-2.4.0/include" />
				</ResourceCompiler>
				<ExtraCommands>
					<Add after="mkdir ..\..\Distrib\RibRenderTool&#x0D;&#x0A;mkdir ..\..\Distrib\RibRenderTool\Tests&#x0D;&#x0A;mkdir ..\..\Distrib\RibRenderTool\Resources&#x0D;&#x0A;xcopy /E /Y ..\..\Tests ..\..\Distrib\RibRenderTool\Tests&#x0D;&#x0A;xcopy /E /Y ..\..\Resources ..\..\Distrib\RibRenderTool\Resources&#x0D;&#x0A;xcopy /E /Y  ..\..\Distrib\RibRenderTool\&#x0D;&#x0A;" />
				</ExtraCommands>
			</Target>
			<Target title="Release">
				<Option output="RibRenderTool" prefix_auto="1" extension_auto="1" />
				<Option object_output="Release" />
				<Option type="1" />
				<Option compiler="gcc" />
				<Compiler>
					<Add option="-DNDEBUG" />
					<Add option="-D_CONSOLE" />
					<Add option="-DFREEGLUT_STATIC" />
					<Add option="-W" />
					<Add option="-O3" />
					<Add directory="../" />
					<Add directory="../../" />
					<Add directory="../../external/freeglut-2.4.0/include" />
				</Compiler>
				<ResourceCompiler>
					<Add directory="../" />
					<Add directory="../../" />
					<Add directory="../../external/freeglut-2.4.0/include" />
				</ResourceCompiler>
				<ExtraCommands>
					<Add after="mkdir ..\..\Distrib\RibRenderTool&#x0D;&#x0A;mkdir ..\..\Distrib\RibRenderTool\Tests&#x0D;&#x0A;mkdir ..\..\Distrib\RibRenderTool\Resources&#x0D;&#x0A;xcopy /E /Y ..\..\Tests ..\..\Distrib\RibRenderTool\Tests&#x0D;&#x0A;xcopy /E /Y ..\..\Resources ..\..\Distrib\RibRenderTool\Resources&#x0D;&#x0A;xcopy /E /Y  ..\..\Distrib\RibRenderTool\&#x0D;&#x0A;" />
				</ExtraCommands>
			</Target>
		</Build>
		<Unit filename="../RenderOutputOpenGL.cpp" />
		<Unit filename="../RenderOutputOpenGL.h" />
		<Unit filename="../RibRenderTool.cpp" />
		<Unit filename="../RibRenderTool.h" />
		<Unit filename="../../Tests/Airplane.rib" />
		<Unit filename="../../Tests/Bag.rib" />
		<Unit filename="../../Tests/Chair.rib" />
		<Unit filename="../../Tests/DisplaceTest.rib" />
		<Unit filename="../../Tests/DisplaceTest_turb.rrasm" />
		<Unit filename="../../Tests/Elephant.rib" />
		<Unit filename="../../Tests/Enterprise_ncc1701d.rib" />
		<Unit filename="../../Tests/Pixar.rib" />
		<Unit filename="../../Tests/SimpleMug.rib" />
		<Unit filename="../../Tests/SphereNoise.rib" />
		<Unit filename="../../Tests/SphereNoiseShader.rrasm" />
		<Unit filename="../../Tests/WarBird.rib" />
		<Unit filename="../../Tests/dragonhead.rib" />
		<Unit filename="../../Tests/sebtest.rib" />
		<Unit filename="../../Tests/uteapot.rib" />
		<Extensions>
			<code_completion />
			<debugger />
		</Extensions>
	</Project>
</CodeBlocks_project_file>
